
Microsoft Visual Studio Solution File, Format Version 12.00
# Visual Studio Version 17
VisualStudioVersion = 17.10.35122.118
MinimumVisualStudioVersion = 10.0.40219.1
Project("{9A19103F-16F7-4668-BE54-9A1E7A4F7556}") = "EventBankingCo.Core.Domain", "EventBankingCo.Core.Domain\EventBankingCo.Core.Domain.csproj", "{3DFF2F3A-4AE5-4B98-89EB-171AF835DBBA}"
EndProject
Project("{9A19103F-16F7-4668-BE54-9A1E7A4F7556}") = "EventBankingCo.Core.Logging", "EventBankingCo.Core.Logging\EventBankingCo.Core.Logging.csproj", "{4B9CECC5-426C-40E6-8821-0CE321B3F5C8}"
EndProject
Project("{FAE04EC0-301F-11D3-BF4B-00C04F79EFBC}") = "EventBankingCo.Core.KafkaProducer", "EventBankingCo.Core.KafkaProducer\EventBankingCo.Core.KafkaProducer.csproj", "{9AB36612-2448-4751-AE33-5C449A4D3F73}"
EndProject
Project("{FAE04EC0-301F-11D3-BF4B-00C04F79EFBC}") = "EventBankingCo.Core.DataAccess", "EventBankingCo.Core.DataAccess\EventBankingCo.Core.DataAccess.csproj", "{4DBB5D29-76C8-4A75-A54F-32023DC2DFD1}"
EndProject
Project("{FAE04EC0-301F-11D3-BF4B-00C04F79EFBC}") = "EventBankingCo.Core.RequestHandling", "EventBankingCo.Core.RequestHandling\EventBankingCo.Core.RequestHandling.csproj", "{4CAD3DB9-F13E-4920-B015-ABBFA6DFA3E1}"
EndProject
Project("{2150E333-8FDC-42A3-9474-1A3956D46DE8}") = "Tests", "Tests", "{FD07EFB3-65CD-4780-9867-5E1BCB9B9D23}"
EndProject
Project("{FAE04EC0-301F-11D3-BF4B-00C04F79EFBC}") = "EventBankingCo.Core.RequestHandling.Tests", "EventBankingCo.Core.RequestHandling.Tests\EventBankingCo.Core.RequestHandling.Tests.csproj", "{00F8268A-0249-4B67-A7DB-4E7E8F350E5C}"
EndProject
Global
	GlobalSection(SolutionConfigurationPlatforms) = preSolution
		Debug|Any CPU = Debug|Any CPU
		Release|Any CPU = Release|Any CPU
	EndGlobalSection
	GlobalSection(ProjectConfigurationPlatforms) = postSolution
		{3DFF2F3A-4AE5-4B98-89EB-171AF835DBBA}.Debug|Any CPU.ActiveCfg = Debug|Any CPU
		{3DFF2F3A-4AE5-4B98-89EB-171AF835DBBA}.Debug|Any CPU.Build.0 = Debug|Any CPU
		{3DFF2F3A-4AE5-4B98-89EB-171AF835DBBA}.Release|Any CPU.ActiveCfg = Release|Any CPU
		{3DFF2F3A-4AE5-4B98-89EB-171AF835DBBA}.Release|Any CPU.Build.0 = Release|Any CPU
		{4B9CECC5-426C-40E6-8821-0CE321B3F5C8}.Debug|Any CPU.ActiveCfg = Debug|Any CPU
		{4B9CECC5-426C-40E6-8821-0CE321B3F5C8}.Debug|Any CPU.Build.0 = Debug|Any CPU
		{4B9CECC5-426C-40E6-8821-0CE321B3F5C8}.Release|Any CPU.ActiveCfg = Release|Any CPU
		{4B9CECC5-426C-40E6-8821-0CE321B3F5C8}.Release|Any CPU.Build.0 = Release|Any CPU
		{9AB36612-2448-4751-AE33-5C449A4D3F73}.Debug|Any CPU.ActiveCfg = Debug|Any CPU
		{9AB36612-2448-4751-AE33-5C449A4D3F73}.Debug|Any CPU.Build.0 = Debug|Any CPU
		{9AB36612-2448-4751-AE33-5C449A4D3F73}.Release|Any CPU.ActiveCfg = Release|Any CPU
		{9AB36612-2448-4751-AE33-5C449A4D3F73}.Release|Any CPU.Build.0 = Release|Any CPU
		{4DBB5D29-76C8-4A75-A54F-32023DC2DFD1}.Debug|Any CPU.ActiveCfg = Debug|Any CPU
		{4DBB5D29-76C8-4A75-A54F-32023DC2DFD1}.Debug|Any CPU.Build.0 = Debug|Any CPU
		{4DBB5D29-76C8-4A75-A54F-32023DC2DFD1}.Release|Any CPU.ActiveCfg = Release|Any CPU
		{4DBB5D29-76C8-4A75-A54F-32023DC2DFD1}.Release|Any CPU.Build.0 = Release|Any CPU
		{4CAD3DB9-F13E-4920-B015-ABBFA6DFA3E1}.Debug|Any CPU.ActiveCfg = Debug|Any CPU
		{4CAD3DB9-F13E-4920-B015-ABBFA6DFA3E1}.Debug|Any CPU.Build.0 = Debug|Any CPU
		{4CAD3DB9-F13E-4920-B015-ABBFA6DFA3E1}.Release|Any CPU.ActiveCfg = Release|Any CPU
		{4CAD3DB9-F13E-4920-B015-ABBFA6DFA3E1}.Release|Any CPU.Build.0 = Release|Any CPU
		{00F8268A-0249-4B67-A7DB-4E7E8F350E5C}.Debug|Any CPU.ActiveCfg = Debug|Any CPU
		{00F8268A-0249-4B67-A7DB-4E7E8F350E5C}.Debug|Any CPU.Build.0 = Debug|Any CPU
		{00F8268A-0249-4B67-A7DB-4E7E8F350E5C}.Release|Any CPU.ActiveCfg = Release|Any CPU
		{00F8268A-0249-4B67-A7DB-4E7E8F350E5C}.Release|Any CPU.Build.0 = Release|Any CPU
	EndGlobalSection
	GlobalSection(SolutionProperties) = preSolution
		HideSolutionNode = FALSE
	EndGlobalSection
	GlobalSection(NestedProjects) = preSolution
		{00F8268A-0249-4B67-A7DB-4E7E8F350E5C} = {FD07EFB3-65CD-4780-9867-5E1BCB9B9D23}
	EndGlobalSection
	GlobalSection(ExtensibilityGlobals) = postSolution
		SolutionGuid = {722D00D6-0963-429F-B9B4-C705BE495CBF}
	EndGlobalSection
EndGlobal
